<?xml version="1.0" encoding="UTF-8" standalone="yes" ?>
<CodeBlocks_project_file>
	<FileVersion major="1" minor="6" />
	<Project>
		<Option title="sdlgaem" />
		<Option pch_mode="2" />
		<Option compiler="gcc" />
		<Build>
			<Target title="Release">
				<Option output="bin/Release/sdlgaem" prefix_auto="1" extension_auto="1" />
				<Option object_output="obj/Release/" />
				<Option type="0" />
				<Option compiler="gcc" />
				<Compiler>
					<Add option="-O2" />
				</Compiler>
				<Linker>
					<Add option="-s" />
				</Linker>
			</Target>
		</Build>
		<Compiler>
			<Add option="-Wall" />
			<Add option="`sdl2-config --cflags`" />
		</Compiler>
		<Linker>
			<Add option="`sdl2-config --libs`" />
			<Add library="/usr/lib/libSDL2_ttf.so" />
			<Add library="/usr/lib/libSDL2_image.so" />
		</Linker>
		<Unit filename="addional.h" />
		<Unit filename="camera.cpp" />
		<Unit filename="colors.cpp" />
		<Unit filename="draw.cpp" />
		<Unit filename="files.cpp" />
		<Unit filename="files.h" />
		<Unit filename="game.h" />
		<Unit filename="graphics.h" />
		<Unit filename="inventory.cpp" />
		<Unit filename="main.cpp" />
		<Unit filename="map.cpp" />
		<Unit filename="objects.cpp" />
		<Unit filename="objects.h" />
		<Unit filename="overlay.h" />
		<Unit filename="player.h" />
		<Unit filename="playercontrols.cpp" />
		<Unit filename="playermovement.cpp" />
		<Unit filename="rendermap.cpp" />
		<Unit filename="todo" />
		<Unit filename="update" />
		<Extensions />
	</Project>
</CodeBlocks_project_file>
